
Microsoft Visual Studio Solution File, Format Version 12.00
# Visual Studio Version 17
VisualStudioVersion = 17.13.35919.96 d17.13
MinimumVisualStudioVersion = 10.0.40219.1
Project("{FAE04EC0-301F-11D3-BF4B-00C04F79EFBC}") = "GuessingGame", "GuessingGame\GuessingGame.csproj", "{7465E4F9-17C8-4733-8E7B-2E629A90CA3E}"
EndProject
Global
	GlobalSection(SolutionConfigurationPlatforms) = preSolution
		Debug|Any CPU = Debug|Any CPU
		Release|Any CPU = Release|Any CPU
	EndGlobalSection
	GlobalSection(ProjectConfigurationPlatforms) = postSolution
		{7465E4F9-17C8-4733-8E7B-2E629A90CA3E}.Debug|Any CPU.ActiveCfg = Debug|Any CPU
		{7465E4F9-17C8-4733-8E7B-2E629A90CA3E}.Debug|Any CPU.Build.0 = Debug|Any CPU
		{7465E4F9-17C8-4733-8E7B-2E629A90CA3E}.Release|Any CPU.ActiveCfg = Release|Any CPU
		{7465E4F9-17C8-4733-8E7B-2E629A90CA3E}.Release|Any CPU.Build.0 = Release|Any CPU
	EndGlobalSection
	GlobalSection(SolutionProperties) = preSolution
		HideSolutionNode = FALSE
	EndGlobalSection
	GlobalSection(ExtensibilityGlobals) = postSolution
		SolutionGuid = {135F3FF6-8F5B-4B3E-B9F1-C2EEBD78E766}
	EndGlobalSection
EndGlobal
